// !$*UTF8*$!
{
	archiveVersion = 1;
	classes = {
	};
	objectVersion = 56;
	objects = {

/* Begin PBXBuildFile section */
		535E93BB2A6BEAA300EA0221 /* AppDelegate.swift in Sources */ = {isa = PBXBuildFile; fileRef = 535E93BA2A6BEAA300EA0221 /* AppDelegate.swift */; };
		535E93BD2A6BEAA300EA0221 /* SceneDelegate.swift in Sources */ = {isa = PBXBuildFile; fileRef = 535E93BC2A6BEAA300EA0221 /* SceneDelegate.swift */; };
		535E93BF2A6BEAA300EA0221 /* ViewController.swift in Sources */ = {isa = PBXBuildFile; fileRef = 535E93BE2A6BEAA300EA0221 /* ViewController.swift */; };
		535E93C22A6BEAA300EA0221 /* Main.storyboard in Resources */ = {isa = PBXBuildFile; fileRef = 535E93C02A6BEAA300EA0221 /* Main.storyboard */; };
		535E93C42A6BEAA300EA0221 /* Assets.xcassets in Resources */ = {isa = PBXBuildFile; fileRef = 535E93C32A6BEAA300EA0221 /* Assets.xcassets */; };
		535E93C72A6BEAA300EA0221 /* LaunchScreen.storyboard in Resources */ = {isa = PBXBuildFile; fileRef = 535E93C52A6BEAA300EA0221 /* LaunchScreen.storyboard */; };
		535E93D22A6BEAA400EA0221 /* Flight_Hedge_iOTests.swift in Sources */ = {isa = PBXBuildFile; fileRef = 535E93D12A6BEAA400EA0221 /* Flight_Hedge_iOTests.swift */; };
		535E93DC2A6BEAA400EA0221 /* Flight_Hedge_iOUITests.swift in Sources */ = {isa = PBXBuildFile; fileRef = 535E93DB2A6BEAA400EA0221 /* Flight_Hedge_iOUITests.swift */; };
		535E93DE2A6BEAA400EA0221 /* Flight_Hedge_iOUITestsLaunchTests.swift in Sources */ = {isa = PBXBuildFile; fileRef = 535E93DD2A6BEAA400EA0221 /* Flight_Hedge_iOUITestsLaunchTests.swift */; };
		535E93ED2A6F2C1900EA0221 /* RegisterViewController.swift in Sources */ = {isa = PBXBuildFile; fileRef = 535E93EC2A6F2C1900EA0221 /* RegisterViewController.swift */; };
		535E93EF2A6F38CA00EA0221 /* GoogleService-Info.plist in Resources */ = {isa = PBXBuildFile; fileRef = 535E93EE2A6F38CA00EA0221 /* GoogleService-Info.plist */; };
		535E93F22A6F398200EA0221 /* FirebaseAnalytics in Frameworks */ = {isa = PBXBuildFile; productRef = 535E93F12A6F398200EA0221 /* FirebaseAnalytics */; };
		535E93F52A6F3D7400EA0221 /* FirebaseAuth in Frameworks */ = {isa = PBXBuildFile; productRef = 535E93F42A6F3D7400EA0221 /* FirebaseAuth */; };
		535E93F82A6F3DFE00EA0221 /* User.swift in Sources */ = {isa = PBXBuildFile; fileRef = 535E93F72A6F3DFE00EA0221 /* User.swift */; };
		535E93FC2A704A6E00EA0221 /* HomeViewController.swift in Sources */ = {isa = PBXBuildFile; fileRef = 535E93FB2A704A6E00EA0221 /* HomeViewController.swift */; };
/* End PBXBuildFile section */

/* Begin PBXContainerItemProxy section */
		535E93CE2A6BEAA400EA0221 /* PBXContainerItemProxy */ = {
			isa = PBXContainerItemProxy;
			containerPortal = 535E93AF2A6BEAA200EA0221 /* Project object */;
			proxyType = 1;
			remoteGlobalIDString = 535E93B62A6BEAA200EA0221;
			remoteInfo = "Flight-Hedge.iO";
		};
		535E93D82A6BEAA400EA0221 /* PBXContainerItemProxy */ = {
			isa = PBXContainerItemProxy;
			containerPortal = 535E93AF2A6BEAA200EA0221 /* Project object */;
			proxyType = 1;
			remoteGlobalIDString = 535E93B62A6BEAA200EA0221;
			remoteInfo = "Flight-Hedge.iO";
		};
/* End PBXContainerItemProxy section */

/* Begin PBXFileReference section */
		535E93B72A6BEAA200EA0221 /* Flight-Hedge.iO.app */ = {isa = PBXFileReference; explicitFileType = wrapper.application; includeInIndex = 0; path = "Flight-Hedge.iO.app"; sourceTree = BUILT_PRODUCTS_DIR; };
		535E93BA2A6BEAA300EA0221 /* AppDelegate.swift */ = {isa = PBXFileReference; lastKnownFileType = sourcecode.swift; path = AppDelegate.swift; sourceTree = "<group>"; };
		535E93BC2A6BEAA300EA0221 /* SceneDelegate.swift */ = {isa = PBXFileReference; lastKnownFileType = sourcecode.swift; path = SceneDelegate.swift; sourceTree = "<group>"; };
		535E93BE2A6BEAA300EA0221 /* ViewController.swift */ = {isa = PBXFileReference; lastKnownFileType = sourcecode.swift; path = ViewController.swift; sourceTree = "<group>"; };
		535E93C12A6BEAA300EA0221 /* Base */ = {isa = PBXFileReference; lastKnownFileType = file.storyboard; name = Base; path = Base.lproj/Main.storyboard; sourceTree = "<group>"; };
		535E93C32A6BEAA300EA0221 /* Assets.xcassets */ = {isa = PBXFileReference; lastKnownFileType = folder.assetcatalog; path = Assets.xcassets; sourceTree = "<group>"; };
		535E93C62A6BEAA300EA0221 /* Base */ = {isa = PBXFileReference; lastKnownFileType = file.storyboard; name = Base; path = Base.lproj/LaunchScreen.storyboard; sourceTree = "<group>"; };
		535E93C82A6BEAA300EA0221 /* Info.plist */ = {isa = PBXFileReference; lastKnownFileType = text.plist.xml; path = Info.plist; sourceTree = "<group>"; };
		535E93CD2A6BEAA400EA0221 /* Flight-Hedge.iOTests.xctest */ = {isa = PBXFileReference; explicitFileType = wrapper.cfbundle; includeInIndex = 0; path = "Flight-Hedge.iOTests.xctest"; sourceTree = BUILT_PRODUCTS_DIR; };
		535E93D12A6BEAA400EA0221 /* Flight_Hedge_iOTests.swift */ = {isa = PBXFileReference; lastKnownFileType = sourcecode.swift; path = Flight_Hedge_iOTests.swift; sourceTree = "<group>"; };
		535E93D72A6BEAA400EA0221 /* Flight-Hedge.iOUITests.xctest */ = {isa = PBXFileReference; explicitFileType = wrapper.cfbundle; includeInIndex = 0; path = "Flight-Hedge.iOUITests.xctest"; sourceTree = BUILT_PRODUCTS_DIR; };
		535E93DB2A6BEAA400EA0221 /* Flight_Hedge_iOUITests.swift */ = {isa = PBXFileReference; lastKnownFileType = sourcecode.swift; path = Flight_Hedge_iOUITests.swift; sourceTree = "<group>"; };
		535E93DD2A6BEAA400EA0221 /* Flight_Hedge_iOUITestsLaunchTests.swift */ = {isa = PBXFileReference; lastKnownFileType = sourcecode.swift; path = Flight_Hedge_iOUITestsLaunchTests.swift; sourceTree = "<group>"; };
		535E93EC2A6F2C1900EA0221 /* RegisterViewController.swift */ = {isa = PBXFileReference; lastKnownFileType = sourcecode.swift; path = RegisterViewController.swift; sourceTree = "<group>"; };
		535E93EE2A6F38CA00EA0221 /* GoogleService-Info.plist */ = {isa = PBXFileReference; fileEncoding = 4; lastKnownFileType = text.plist.xml; path = "GoogleService-Info.plist"; sourceTree = "<group>"; };
		535E93F72A6F3DFE00EA0221 /* User.swift */ = {isa = PBXFileReference; lastKnownFileType = sourcecode.swift; path = User.swift; sourceTree = "<group>"; };
		535E93FB2A704A6E00EA0221 /* HomeViewController.swift */ = {isa = PBXFileReference; lastKnownFileType = sourcecode.swift; path = HomeViewController.swift; sourceTree = "<group>"; };
/* End PBXFileReference section */

/* Begin PBXFrameworksBuildPhase section */
		535E93B42A6BEAA200EA0221 /* Frameworks */ = {
			isa = PBXFrameworksBuildPhase;
			buildActionMask = 2147483647;
			files = (
				535E93F22A6F398200EA0221 /* FirebaseAnalytics in Frameworks */,
				535E93F52A6F3D7400EA0221 /* FirebaseAuth in Frameworks */,
			);
			runOnlyForDeploymentPostprocessing = 0;
		};
		535E93CA2A6BEAA400EA0221 /* Frameworks */ = {
			isa = PBXFrameworksBuildPhase;
			buildActionMask = 2147483647;
			files = (
			);
			runOnlyForDeploymentPostprocessing = 0;
		};
		535E93D42A6BEAA400EA0221 /* Frameworks */ = {
			isa = PBXFrameworksBuildPhase;
			buildActionMask = 2147483647;
			files = (
			);
			runOnlyForDeploymentPostprocessing = 0;
		};
/* End PBXFrameworksBuildPhase section */

/* Begin PBXGroup section */
		535E93AE2A6BEAA200EA0221 = {
			isa = PBXGroup;
			children = (
				535E93B92A6BEAA200EA0221 /* Flight-Hedge.iO */,
				535E93D02A6BEAA400EA0221 /* Flight-Hedge.iOTests */,
				535E93DA2A6BEAA400EA0221 /* Flight-Hedge.iOUITests */,
				535E93B82A6BEAA200EA0221 /* Products */,
				535E93F32A6F3D7400EA0221 /* Frameworks */,
			);
			sourceTree = "<group>";
		};
		535E93B82A6BEAA200EA0221 /* Products */ = {
			isa = PBXGroup;
			children = (
				535E93B72A6BEAA200EA0221 /* Flight-Hedge.iO.app */,
				535E93CD2A6BEAA400EA0221 /* Flight-Hedge.iOTests.xctest */,
				535E93D72A6BEAA400EA0221 /* Flight-Hedge.iOUITests.xctest */,
			);
			name = Products;
			sourceTree = "<group>";
		};
		535E93B92A6BEAA200EA0221 /* Flight-Hedge.iO */ = {
			isa = PBXGroup;
			children = (
				535E93FA2A704A5600EA0221 /* Views */,
				535E93F92A6F3E0300EA0221 /* Models */,
				535E93F62A6F3DD500EA0221 /* Auth */,
				535E93BA2A6BEAA300EA0221 /* AppDelegate.swift */,
				535E93BC2A6BEAA300EA0221 /* SceneDelegate.swift */,
				535E93C02A6BEAA300EA0221 /* Main.storyboard */,
				535E93C32A6BEAA300EA0221 /* Assets.xcassets */,
				535E93C52A6BEAA300EA0221 /* LaunchScreen.storyboard */,
				535E93EE2A6F38CA00EA0221 /* GoogleService-Info.plist */,
				535E93C82A6BEAA300EA0221 /* Info.plist */,
			);
			path = "Flight-Hedge.iO";
			sourceTree = "<group>";
		};
		535E93D02A6BEAA400EA0221 /* Flight-Hedge.iOTests */ = {
			isa = PBXGroup;
			children = (
				535E93D12A6BEAA400EA0221 /* Flight_Hedge_iOTests.swift */,
			);
			path = "Flight-Hedge.iOTests";
			sourceTree = "<group>";
		};
		535E93DA2A6BEAA400EA0221 /* Flight-Hedge.iOUITests */ = {
			isa = PBXGroup;
			children = (
				535E93DB2A6BEAA400EA0221 /* Flight_Hedge_iOUITests.swift */,
				535E93DD2A6BEAA400EA0221 /* Flight_Hedge_iOUITestsLaunchTests.swift */,
			);
			path = "Flight-Hedge.iOUITests";
			sourceTree = "<group>";
		};
		535E93F32A6F3D7400EA0221 /* Frameworks */ = {
			isa = PBXGroup;
			children = (
			);
			name = Frameworks;
			sourceTree = "<group>";
		};
		535E93F62A6F3DD500EA0221 /* Auth */ = {
			isa = PBXGroup;
			children = (
				535E93BE2A6BEAA300EA0221 /* ViewController.swift */,
				535E93EC2A6F2C1900EA0221 /* RegisterViewController.swift */,
			);
			path = Auth;
			sourceTree = "<group>";
		};
		535E93F92A6F3E0300EA0221 /* Models */ = {
			isa = PBXGroup;
			children = (
				535E93F72A6F3DFE00EA0221 /* User.swift */,
			);
			path = Models;
			sourceTree = "<group>";
		};
		535E93FA2A704A5600EA0221 /* Views */ = {
			isa = PBXGroup;
			children = (
				535E93FB2A704A6E00EA0221 /* HomeViewController.swift */,
			);
			path = Views;
			sourceTree = "<group>";
		};
/* End PBXGroup section */

/* Begin PBXNativeTarget section */
		535E93B62A6BEAA200EA0221 /* Flight-Hedge.iO */ = {
			isa = PBXNativeTarget;
			buildConfigurationList = 535E93E12A6BEAA400EA0221 /* Build configuration list for PBXNativeTarget "Flight-Hedge.iO" */;
			buildPhases = (
				535E93B32A6BEAA200EA0221 /* Sources */,
				535E93B42A6BEAA200EA0221 /* Frameworks */,
				535E93B52A6BEAA200EA0221 /* Resources */,
			);
			buildRules = (
			);
			dependencies = (
			);
			name = "Flight-Hedge.iO";
			packageProductDependencies = (
				535E93F12A6F398200EA0221 /* FirebaseAnalytics */,
				535E93F42A6F3D7400EA0221 /* FirebaseAuth */,
			);
			productName = "Flight-Hedge.iO";
			productReference = 535E93B72A6BEAA200EA0221 /* Flight-Hedge.iO.app */;
			productType = "com.apple.product-type.application";
		};
		535E93CC2A6BEAA400EA0221 /* Flight-Hedge.iOTests */ = {
			isa = PBXNativeTarget;
			buildConfigurationList = 535E93E42A6BEAA400EA0221 /* Build configuration list for PBXNativeTarget "Flight-Hedge.iOTests" */;
			buildPhases = (
				535E93C92A6BEAA400EA0221 /* Sources */,
				535E93CA2A6BEAA400EA0221 /* Frameworks */,
				535E93CB2A6BEAA400EA0221 /* Resources */,
			);
			buildRules = (
			);
			dependencies = (
				535E93CF2A6BEAA400EA0221 /* PBXTargetDependency */,
			);
			name = "Flight-Hedge.iOTests";
			productName = "Flight-Hedge.iOTests";
			productReference = 535E93CD2A6BEAA400EA0221 /* Flight-Hedge.iOTests.xctest */;
			productType = "com.apple.product-type.bundle.unit-test";
		};
		535E93D62A6BEAA400EA0221 /* Flight-Hedge.iOUITests */ = {
			isa = PBXNativeTarget;
			buildConfigurationList = 535E93E72A6BEAA400EA0221 /* Build configuration list for PBXNativeTarget "Flight-Hedge.iOUITests" */;
			buildPhases = (
				535E93D32A6BEAA400EA0221 /* Sources */,
				535E93D42A6BEAA400EA0221 /* Frameworks */,
				535E93D52A6BEAA400EA0221 /* Resources */,
			);
			buildRules = (
			);
			dependencies = (
				535E93D92A6BEAA400EA0221 /* PBXTargetDependency */,
			);
			name = "Flight-Hedge.iOUITests";
			productName = "Flight-Hedge.iOUITests";
			productReference = 535E93D72A6BEAA400EA0221 /* Flight-Hedge.iOUITests.xctest */;
			productType = "com.apple.product-type.bundle.ui-testing";
		};
/* End PBXNativeTarget section */

/* Begin PBXProject section */
		535E93AF2A6BEAA200EA0221 /* Project object */ = {
			isa = PBXProject;
			attributes = {
				BuildIndependentTargetsInParallel = 1;
				LastSwiftUpdateCheck = 1430;
				LastUpgradeCheck = 1430;
				TargetAttributes = {
					535E93B62A6BEAA200EA0221 = {
						CreatedOnToolsVersion = 14.3.1;
					};
					535E93CC2A6BEAA400EA0221 = {
						CreatedOnToolsVersion = 14.3.1;
						TestTargetID = 535E93B62A6BEAA200EA0221;
					};
					535E93D62A6BEAA400EA0221 = {
						CreatedOnToolsVersion = 14.3.1;
						TestTargetID = 535E93B62A6BEAA200EA0221;
					};
				};
			};
			buildConfigurationList = 535E93B22A6BEAA200EA0221 /* Build configuration list for PBXProject "Flight-Hedge.iO" */;
			compatibilityVersion = "Xcode 14.0";
			developmentRegion = en;
			hasScannedForEncodings = 0;
			knownRegions = (
				en,
				Base,
			);
			mainGroup = 535E93AE2A6BEAA200EA0221;
			packageReferences = (
				535E93F02A6F398200EA0221 /* XCRemoteSwiftPackageReference "firebase-ios-sdk" */,
			);
			productRefGroup = 535E93B82A6BEAA200EA0221 /* Products */;
			projectDirPath = "";
			projectRoot = "";
			targets = (
				535E93B62A6BEAA200EA0221 /* Flight-Hedge.iO */,
				535E93CC2A6BEAA400EA0221 /* Flight-Hedge.iOTests */,
				535E93D62A6BEAA400EA0221 /* Flight-Hedge.iOUITests */,
			);
		};
/* End PBXProject section */

/* Begin PBXResourcesBuildPhase section */
		535E93B52A6BEAA200EA0221 /* Resources */ = {
			isa = PBXResourcesBuildPhase;
			buildActionMask = 2147483647;
			files = (
				535E93C72A6BEAA300EA0221 /* LaunchScreen.storyboard in Resources */,
				535E93EF2A6F38CA00EA0221 /* GoogleService-Info.plist in Resources */,
				535E93C42A6BEAA300EA0221 /* Assets.xcassets in Resources */,
				535E93C22A6BEAA300EA0221 /* Main.storyboard in Resources */,
			);
			runOnlyForDeploymentPostprocessing = 0;
		};
		535E93CB2A6BEAA400EA0221 /* Resources */ = {
			isa = PBXResourcesBuildPhase;
			buildActionMask = 2147483647;
			files = (
			);
			runOnlyForDeploymentPostprocessing = 0;
		};
		535E93D52A6BEAA400EA0221 /* Resources */ = {
			isa = PBXResourcesBuildPhase;
			buildActionMask = 2147483647;
			files = (
			);
			runOnlyForDeploymentPostprocessing = 0;
		};
/* End PBXResourcesBuildPhase section */

/* Begin PBXSourcesBuildPhase section */
		535E93B32A6BEAA200EA0221 /* Sources */ = {
			isa = PBXSourcesBuildPhase;
			buildActionMask = 2147483647;
			files = (
				535E93BF2A6BEAA300EA0221 /* ViewController.swift in Sources */,
				535E93ED2A6F2C1900EA0221 /* RegisterViewController.swift in Sources */,
				535E93BB2A6BEAA300EA0221 /* AppDelegate.swift in Sources */,
				535E93F82A6F3DFE00EA0221 /* User.swift in Sources */,
				535E93BD2A6BEAA300EA0221 /* SceneDelegate.swift in Sources */,
				535E93FC2A704A6E00EA0221 /* HomeViewController.swift in Sources */,
			);
			runOnlyForDeploymentPostprocessing = 0;
		};
		535E93C92A6BEAA400EA0221 /* Sources */ = {
			isa = PBXSourcesBuildPhase;
			buildActionMask = 2147483647;
			files = (
				535E93D22A6BEAA400EA0221 /* Flight_Hedge_iOTests.swift in Sources */,
			);
			runOnlyForDeploymentPostprocessing = 0;
		};
		535E93D32A6BEAA400EA0221 /* Sources */ = {
			isa = PBXSourcesBuildPhase;
			buildActionMask = 2147483647;
			files = (
				535E93DE2A6BEAA400EA0221 /* Flight_Hedge_iOUITestsLaunchTests.swift in Sources */,
				535E93DC2A6BEAA400EA0221 /* Flight_Hedge_iOUITests.swift in Sources */,
			);
			runOnlyForDeploymentPostprocessing = 0;
		};
/* End PBXSourcesBuildPhase section */

/* Begin PBXTargetDependency section */
		535E93CF2A6BEAA400EA0221 /* PBXTargetDependency */ = {
			isa = PBXTargetDependency;
			target = 535E93B62A6BEAA200EA0221 /* Flight-Hedge.iO */;
			targetProxy = 535E93CE2A6BEAA400EA0221 /* PBXContainerItemProxy */;
		};
		535E93D92A6BEAA400EA0221 /* PBXTargetDependency */ = {
			isa = PBXTargetDependency;
			target = 535E93B62A6BEAA200EA0221 /* Flight-Hedge.iO */;
			targetProxy = 535E93D82A6BEAA400EA0221 /* PBXContainerItemProxy */;
		};
/* End PBXTargetDependency section */

/* Begin PBXVariantGroup section */
		535E93C02A6BEAA300EA0221 /* Main.storyboard */ = {
			isa = PBXVariantGroup;
			children = (
				535E93C12A6BEAA300EA0221 /* Base */,
			);
			name = Main.storyboard;
			sourceTree = "<group>";
		};
		535E93C52A6BEAA300EA0221 /* LaunchScreen.storyboard */ = {
			isa = PBXVariantGroup;
			children = (
				535E93C62A6BEAA300EA0221 /* Base */,
			);
			name = LaunchScreen.storyboard;
			sourceTree = "<group>";
		};
/* End PBXVariantGroup section */

/* Begin XCBuildConfiguration section */
		535E93DF2A6BEAA400EA0221 /* Debug */ = {
			isa = XCBuildConfiguration;
			buildSettings = {
				ALWAYS_SEARCH_USER_PATHS = NO;
				CLANG_ANALYZER_NONNULL = YES;
				CLANG_ANALYZER_NUMBER_OBJECT_CONVERSION = YES_AGGRESSIVE;
				CLANG_CXX_LANGUAGE_STANDARD = "gnu++20";
				CLANG_ENABLE_MODULES = YES;
				CLANG_ENABLE_OBJC_ARC = YES;
				CLANG_ENABLE_OBJC_WEAK = YES;
				CLANG_WARN_BLOCK_CAPTURE_AUTORELEASING = YES;
				CLANG_WARN_BOOL_CONVERSION = YES;
				CLANG_WARN_COMMA = YES;
				CLANG_WARN_CONSTANT_CONVERSION = YES;
				CLANG_WARN_DEPRECATED_OBJC_IMPLEMENTATIONS = YES;
				CLANG_WARN_DIRECT_OBJC_ISA_USAGE = YES_ERROR;
				CLANG_WARN_DOCUMENTATION_COMMENTS = YES;
				CLANG_WARN_EMPTY_BODY = YES;
				CLANG_WARN_ENUM_CONVERSION = YES;
				CLANG_WARN_INFINITE_RECURSION = YES;
				CLANG_WARN_INT_CONVERSION = YES;
				CLANG_WARN_NON_LITERAL_NULL_CONVERSION = YES;
				CLANG_WARN_OBJC_IMPLICIT_RETAIN_SELF = YES;
				CLANG_WARN_OBJC_LITERAL_CONVERSION = YES;
				CLANG_WARN_OBJC_ROOT_CLASS = YES_ERROR;
				CLANG_WARN_QUOTED_INCLUDE_IN_FRAMEWORK_HEADER = YES;
				CLANG_WARN_RANGE_LOOP_ANALYSIS = YES;
				CLANG_WARN_STRICT_PROTOTYPES = YES;
				CLANG_WARN_SUSPICIOUS_MOVE = YES;
				CLANG_WARN_UNGUARDED_AVAILABILITY = YES_AGGRESSIVE;
				CLANG_WARN_UNREACHABLE_CODE = YES;
				CLANG_WARN__DUPLICATE_METHOD_MATCH = YES;
				COPY_PHASE_STRIP = NO;
				DEBUG_INFORMATION_FORMAT = dwarf;
				ENABLE_STRICT_OBJC_MSGSEND = YES;
				ENABLE_TESTABILITY = YES;
				GCC_C_LANGUAGE_STANDARD = gnu11;
				GCC_DYNAMIC_NO_PIC = NO;
				GCC_NO_COMMON_BLOCKS = YES;
				GCC_OPTIMIZATION_LEVEL = 0;
				GCC_PREPROCESSOR_DEFINITIONS = (
					"DEBUG=1",
					"$(inherited)",
				);
				GCC_WARN_64_TO_32_BIT_CONVERSION = YES;
				GCC_WARN_ABOUT_RETURN_TYPE = YES_ERROR;
				GCC_WARN_UNDECLARED_SELECTOR = YES;
				GCC_WARN_UNINITIALIZED_AUTOS = YES_AGGRESSIVE;
				GCC_WARN_UNUSED_FUNCTION = YES;
				GCC_WARN_UNUSED_VARIABLE = YES;
				IPHONEOS_DEPLOYMENT_TARGET = 16.4;
				MTL_ENABLE_DEBUG_INFO = INCLUDE_SOURCE;
				MTL_FAST_MATH = YES;
				ONLY_ACTIVE_ARCH = YES;
				SDKROOT = iphoneos;
				SWIFT_ACTIVE_COMPILATION_CONDITIONS = DEBUG;
				SWIFT_OPTIMIZATION_LEVEL = "-Onone";
			};
			name = Debug;
		};
		535E93E02A6BEAA400EA0221 /* Release */ = {
			isa = XCBuildConfiguration;
			buildSettings = {
				ALWAYS_SEARCH_USER_PATHS = NO;
				CLANG_ANALYZER_NONNULL = YES;
				CLANG_ANALYZER_NUMBER_OBJECT_CONVERSION = YES_AGGRESSIVE;
				CLANG_CXX_LANGUAGE_STANDARD = "gnu++20";
				CLANG_ENABLE_MODULES = YES;
				CLANG_ENABLE_OBJC_ARC = YES;
				CLANG_ENABLE_OBJC_WEAK = YES;
				CLANG_WARN_BLOCK_CAPTURE_AUTORELEASING = YES;
				CLANG_WARN_BOOL_CONVERSION = YES;
				CLANG_WARN_COMMA = YES;
				CLANG_WARN_CONSTANT_CONVERSION = YES;
				CLANG_WARN_DEPRECATED_OBJC_IMPLEMENTATIONS = YES;
				CLANG_WARN_DIRECT_OBJC_ISA_USAGE = YES_ERROR;
				CLANG_WARN_DOCUMENTATION_COMMENTS = YES;
				CLANG_WARN_EMPTY_BODY = YES;
				CLANG_WARN_ENUM_CONVERSION = YES;
				CLANG_WARN_INFINITE_RECURSION = YES;
				CLANG_WARN_INT_CONVERSION = YES;
				CLANG_WARN_NON_LITERAL_NULL_CONVERSION = YES;
				CLANG_WARN_OBJC_IMPLICIT_RETAIN_SELF = YES;
				CLANG_WARN_OBJC_LITERAL_CONVERSION = YES;
				CLANG_WARN_OBJC_ROOT_CLASS = YES_ERROR;
				CLANG_WARN_QUOTED_INCLUDE_IN_FRAMEWORK_HEADER = YES;
				CLANG_WARN_RANGE_LOOP_ANALYSIS = YES;
				CLANG_WARN_STRICT_PROTOTYPES = YES;
				CLANG_WARN_SUSPICIOUS_MOVE = YES;
				CLANG_WARN_UNGUARDED_AVAILABILITY = YES_AGGRESSIVE;
				CLANG_WARN_UNREACHABLE_CODE = YES;
				CLANG_WARN__DUPLICATE_METHOD_MATCH = YES;
				COPY_PHASE_STRIP = NO;
				DEBUG_INFORMATION_FORMAT = "dwarf-with-dsym";
				ENABLE_NS_ASSERTIONS = NO;
				ENABLE_STRICT_OBJC_MSGSEND = YES;
				GCC_C_LANGUAGE_STANDARD = gnu11;
				GCC_NO_COMMON_BLOCKS = YES;
				GCC_WARN_64_TO_32_BIT_CONVERSION = YES;
				GCC_WARN_ABOUT_RETURN_TYPE = YES_ERROR;
				GCC_WARN_UNDECLARED_SELECTOR = YES;
				GCC_WARN_UNINITIALIZED_AUTOS = YES_AGGRESSIVE;
				GCC_WARN_UNUSED_FUNCTION = YES;
				GCC_WARN_UNUSED_VARIABLE = YES;
				IPHONEOS_DEPLOYMENT_TARGET = 16.4;
				MTL_ENABLE_DEBUG_INFO = NO;
				MTL_FAST_MATH = YES;
				SDKROOT = iphoneos;
				SWIFT_COMPILATION_MODE = wholemodule;
				SWIFT_OPTIMIZATION_LEVEL = "-O";
				VALIDATE_PRODUCT = YES;
			};
			name = Release;
		};
		535E93E22A6BEAA400EA0221 /* Debug */ = {
			isa = XCBuildConfiguration;
			buildSettings = {
				ASSETCATALOG_COMPILER_APPICON_NAME = AppIcon;
				ASSETCATALOG_COMPILER_GLOBAL_ACCENT_COLOR_NAME = AccentColor;
				CODE_SIGN_STYLE = Automatic;
				CURRENT_PROJECT_VERSION = 1;
				GENERATE_INFOPLIST_FILE = YES;
				INFOPLIST_FILE = "Flight-Hedge.iO/Info.plist";
				INFOPLIST_KEY_UIApplicationSupportsIndirectInputEvents = YES;
				INFOPLIST_KEY_UILaunchStoryboardName = LaunchScreen;
				INFOPLIST_KEY_UIMainStoryboardFile = Main;
				INFOPLIST_KEY_UISupportedInterfaceOrientations_iPad = "UIInterfaceOrientationPortrait UIInterfaceOrientationPortraitUpsideDown UIInterfaceOrientationLandscapeLeft UIInterfaceOrientationLandscapeRight";
				INFOPLIST_KEY_UISupportedInterfaceOrientations_iPhone = "UIInterfaceOrientationPortrait UIInterfaceOrientationLandscapeLeft UIInterfaceOrientationLandscapeRight";
				LD_RUNPATH_SEARCH_PATHS = (
					"$(inherited)",
					"@executable_path/Frameworks",
				);
				MARKETING_VERSION = 1.0;
				PRODUCT_BUNDLE_IDENTIFIER = "FH.Flight-Hedge-iO";
				PRODUCT_NAME = "$(TARGET_NAME)";
				SWIFT_EMIT_LOC_STRINGS = YES;
				SWIFT_VERSION = 5.0;
				TARGETED_DEVICE_FAMILY = "1,2";
			};
			name = Debug;
		};
		535E93E32A6BEAA400EA0221 /* Release */ = {
			isa = XCBuildConfiguration;
			buildSettings = {
				ASSETCATALOG_COMPILER_APPICON_NAME = AppIcon;
				ASSETCATALOG_COMPILER_GLOBAL_ACCENT_COLOR_NAME = AccentColor;
				CODE_SIGN_STYLE = Automatic;
				CURRENT_PROJECT_VERSION = 1;
				GENERATE_INFOPLIST_FILE = YES;
				INFOPLIST_FILE = "Flight-Hedge.iO/Info.plist";
				INFOPLIST_KEY_UIApplicationSupportsIndirectInputEvents = YES;
				INFOPLIST_KEY_UILaunchStoryboardName = LaunchScreen;
				INFOPLIST_KEY_UIMainStoryboardFile = Main;
				INFOPLIST_KEY_UISupportedInterfaceOrientations_iPad = "UIInterfaceOrientationPortrait UIInterfaceOrientationPortraitUpsideDown UIInterfaceOrientationLandscapeLeft UIInterfaceOrientationLandscapeRight";
				INFOPLIST_KEY_UISupportedInterfaceOrientations_iPhone = "UIInterfaceOrientationPortrait UIInterfaceOrientationLandscapeLeft UIInterfaceOrientationLandscapeRight";
				LD_RUNPATH_SEARCH_PATHS = (
					"$(inherited)",
					"@executable_path/Frameworks",
				);
				MARKETING_VERSION = 1.0;
				PRODUCT_BUNDLE_IDENTIFIER = "FH.Flight-Hedge-iO";
				PRODUCT_NAME = "$(TARGET_NAME)";
				SWIFT_EMIT_LOC_STRINGS = YES;
				SWIFT_VERSION = 5.0;
				TARGETED_DEVICE_FAMILY = "1,2";
			};
			name = Release;
		};
		535E93E52A6BEAA400EA0221 /* Debug */ = {
			isa = XCBuildConfiguration;
			buildSettings = {
				ALWAYS_EMBED_SWIFT_STANDARD_LIBRARIES = YES;
				BUNDLE_LOADER = "$(TEST_HOST)";
				CODE_SIGN_STYLE = Automatic;
				CURRENT_PROJECT_VERSION = 1;
				GENERATE_INFOPLIST_FILE = YES;
				IPHONEOS_DEPLOYMENT_TARGET = 16.4;
				MARKETING_VERSION = 1.0;
				PRODUCT_BUNDLE_IDENTIFIER = "FH.Flight-Hedge-iOTests";
				PRODUCT_NAME = "$(TARGET_NAME)";
				SWIFT_EMIT_LOC_STRINGS = NO;
				SWIFT_VERSION = 5.0;
				TARGETED_DEVICE_FAMILY = "1,2";
				TEST_HOST = "$(BUILT_PRODUCTS_DIR)/Flight-Hedge.iO.app/$(BUNDLE_EXECUTABLE_FOLDER_PATH)/Flight-Hedge.iO";
			};
			name = Debug;
		};
		535E93E62A6BEAA400EA0221 /* Release */ = {
			isa = XCBuildConfiguration;
			buildSettings = {
				ALWAYS_EMBED_SWIFT_STANDARD_LIBRARIES = YES;
				BUNDLE_LOADER = "$(TEST_HOST)";
				CODE_SIGN_STYLE = Automatic;
				CURRENT_PROJECT_VERSION = 1;
				GENERATE_INFOPLIST_FILE = YES;
				IPHONEOS_DEPLOYMENT_TARGET = 16.4;
				MARKETING_VERSION = 1.0;
				PRODUCT_BUNDLE_IDENTIFIER = "FH.Flight-Hedge-iOTests";
				PRODUCT_NAME = "$(TARGET_NAME)";
				SWIFT_EMIT_LOC_STRINGS = NO;
				SWIFT_VERSION = 5.0;
				TARGETED_DEVICE_FAMILY = "1,2";
				TEST_HOST = "$(BUILT_PRODUCTS_DIR)/Flight-Hedge.iO.app/$(BUNDLE_EXECUTABLE_FOLDER_PATH)/Flight-Hedge.iO";
			};
			name = Release;
		};
		535E93E82A6BEAA400EA0221 /* Debug */ = {
			isa = XCBuildConfiguration;
			buildSettings = {
				ALWAYS_EMBED_SWIFT_STANDARD_LIBRARIES = YES;
				CODE_SIGN_STYLE = Automatic;
				CURRENT_PROJECT_VERSION = 1;
				GENERATE_INFOPLIST_FILE = YES;
				MARKETING_VERSION = 1.0;
				PRODUCT_BUNDLE_IDENTIFIER = "FH.Flight-Hedge-iOUITests";
				PRODUCT_NAME = "$(TARGET_NAME)";
				SWIFT_EMIT_LOC_STRINGS = NO;
				SWIFT_VERSION = 5.0;
				TARGETED_DEVICE_FAMILY = "1,2";
				TEST_TARGET_NAME = "Flight-Hedge.iO";
			};
			name = Debug;
		};
		535E93E92A6BEAA400EA0221 /* Release */ = {
			isa = XCBuildConfiguration;
			buildSettings = {
				ALWAYS_EMBED_SWIFT_STANDARD_LIBRARIES = YES;
				CODE_SIGN_STYLE = Automatic;
				CURRENT_PROJECT_VERSION = 1;
				GENERATE_INFOPLIST_FILE = YES;
				MARKETING_VERSION = 1.0;
				PRODUCT_BUNDLE_IDENTIFIER = "FH.Flight-Hedge-iOUITests";
				PRODUCT_NAME = "$(TARGET_NAME)";
				SWIFT_EMIT_LOC_STRINGS = NO;
				SWIFT_VERSION = 5.0;
				TARGETED_DEVICE_FAMILY = "1,2";
				TEST_TARGET_NAME = "Flight-Hedge.iO";
			};
			name = Release;
		};
/* End XCBuildConfiguration section */

/* Begin XCConfigurationList section */
		535E93B22A6BEAA200EA0221 /* Build configuration list for PBXProject "Flight-Hedge.iO" */ = {
			isa = XCConfigurationList;
			buildConfigurations = (
				535E93DF2A6BEAA400EA0221 /* Debug */,
				535E93E02A6BEAA400EA0221 /* Release */,
			);
			defaultConfigurationIsVisible = 0;
			defaultConfigurationName = Release;
		};
		535E93E12A6BEAA400EA0221 /* Build configuration list for PBXNativeTarget "Flight-Hedge.iO" */ = {
			isa = XCConfigurationList;
			buildConfigurations = (
				535E93E22A6BEAA400EA0221 /* Debug */,
				535E93E32A6BEAA400EA0221 /* Release */,
			);
			defaultConfigurationIsVisible = 0;
			defaultConfigurationName = Release;
		};
		535E93E42A6BEAA400EA0221 /* Build configuration list for PBXNativeTarget "Flight-Hedge.iOTests" */ = {
			isa = XCConfigurationList;
			buildConfigurations = (
				535E93E52A6BEAA400EA0221 /* Debug */,
				535E93E62A6BEAA400EA0221 /* Release */,
			);
			defaultConfigurationIsVisible = 0;
			defaultConfigurationName = Release;
		};
		535E93E72A6BEAA400EA0221 /* Build configuration list for PBXNativeTarget "Flight-Hedge.iOUITests" */ = {
			isa = XCConfigurationList;
			buildConfigurations = (
				535E93E82A6BEAA400EA0221 /* Debug */,
				535E93E92A6BEAA400EA0221 /* Release */,
			);
			defaultConfigurationIsVisible = 0;
			defaultConfigurationName = Release;
		};
/* End XCConfigurationList section */

/* Begin XCRemoteSwiftPackageReference section */
		535E93F02A6F398200EA0221 /* XCRemoteSwiftPackageReference "firebase-ios-sdk" */ = {
			isa = XCRemoteSwiftPackageReference;
			repositoryURL = "https://github.com/firebase/firebase-ios-sdk";
			requirement = {
				kind = upToNextMajorVersion;
				minimumVersion = 10.0.0;
			};
		};
/* End XCRemoteSwiftPackageReference section */

/* Begin XCSwiftPackageProductDependency section */
		535E93F12A6F398200EA0221 /* FirebaseAnalytics */ = {
			isa = XCSwiftPackageProductDependency;
			package = 535E93F02A6F398200EA0221 /* XCRemoteSwiftPackageReference "firebase-ios-sdk" */;
			productName = FirebaseAnalytics;
		};
		535E93F42A6F3D7400EA0221 /* FirebaseAuth */ = {
			isa = XCSwiftPackageProductDependency;
			package = 535E93F02A6F398200EA0221 /* XCRemoteSwiftPackageReference "firebase-ios-sdk" */;
			productName = FirebaseAuth;
		};
/* End XCSwiftPackageProductDependency section */
	};
	rootObject = 535E93AF2A6BEAA200EA0221 /* Project object */;
}
